
Microsoft Visual Studio Solution File, Format Version 12.00
# Visual Studio Version 17
VisualStudioVersion = 17.9.34723.18
MinimumVisualStudioVersion = 10.0.40219.1
Project("{FAE04EC0-301F-11D3-BF4B-00C04F79EFBC}") = "TrieAutocomplete", "TrieAutocomplete.csproj", "{622A7AB6-C2A8-4596-B761-A47484849389}"
EndProject
Global
	GlobalSection(SolutionConfigurationPlatforms) = preSolution
		Debug|Any CPU = Debug|Any CPU
		Release|Any CPU = Release|Any CPU
	EndGlobalSection
	GlobalSection(ProjectConfigurationPlatforms) = postSolution
		{622A7AB6-C2A8-4596-B761-A47484849389}.Debug|Any CPU.ActiveCfg = Debug|Any CPU
		{622A7AB6-C2A8-4596-B761-A47484849389}.Debug|Any CPU.Build.0 = Debug|Any CPU
		{622A7AB6-C2A8-4596-B761-A47484849389}.Release|Any CPU.ActiveCfg = Release|Any CPU
		{622A7AB6-C2A8-4596-B761-A47484849389}.Release|Any CPU.Build.0 = Release|Any CPU
	EndGlobalSection
	GlobalSection(SolutionProperties) = preSolution
		HideSolutionNode = FALSE
	EndGlobalSection
	GlobalSection(ExtensibilityGlobals) = postSolution
		SolutionGuid = {DB4E82B0-D64D-4ACB-8C69-3D414A009B53}
	EndGlobalSection
EndGlobal
